
Microsoft Visual Studio Solution File, Format Version 12.00
# Visual Studio Version 17
VisualStudioVersion = 17.5.002.0
MinimumVisualStudioVersion = 10.0.40219.1
Project("{9A19103F-16F7-4668-BE54-9A1E7A4F7556}") = "WeatherForecastSimple", "WeatherForecastSimple.csproj", "{288A91C9-BCAB-4F72-A151-4DF8B306C4EF}"
EndProject
Global
	GlobalSection(SolutionConfigurationPlatforms) = preSolution
		Debug|Any CPU = Debug|Any CPU
		Release|Any CPU = Release|Any CPU
	EndGlobalSection
	GlobalSection(ProjectConfigurationPlatforms) = postSolution
		{288A91C9-BCAB-4F72-A151-4DF8B306C4EF}.Debug|Any CPU.ActiveCfg = Debug|Any CPU
		{288A91C9-BCAB-4F72-A151-4DF8B306C4EF}.Debug|Any CPU.Build.0 = Debug|Any CPU
		{288A91C9-BCAB-4F72-A151-4DF8B306C4EF}.Release|Any CPU.ActiveCfg = Release|Any CPU
		{288A91C9-BCAB-4F72-A151-4DF8B306C4EF}.Release|Any CPU.Build.0 = Release|Any CPU
	EndGlobalSection
	GlobalSection(SolutionProperties) = preSolution
		HideSolutionNode = FALSE
	EndGlobalSection
	GlobalSection(ExtensibilityGlobals) = postSolution
		SolutionGuid = {BFB3C74C-D3D7-4D59-81BA-95A7B744397A}
	EndGlobalSection
EndGlobal
